dependencies:
- name: identity
  repository: ""
  version: 8.1.4
- name: operate
  repository: ""
  version: 8.1.4
- name: optimize
  repository: ""
  version: 8.1.4
- name: tasklist
  repository: ""
  version: 8.1.4
- name: zeebe
  repository: ""
  version: 8.1.4
- name: zeebe-gateway
  repository: ""
  version: 8.1.4
- name: elasticsearch
  repository: https://helm.elastic.co
  version: 7.17.1
- name: common
  repository: https://charts.bitnami.com/bitnami
  version: 2.2.2
digest: sha256:ee09d16edc8dd2301e2e133b078ed397b18349cfd1bf45a3a05af4022da1f907
generated: "2023-01-12T07:24:36.679132047Z"
